
Microsoft Visual Studio Solution File, Format Version 12.00
# Visual Studio Version 16
VisualStudioVersion = 16.0.31105.61
MinimumVisualStudioVersion = 10.0.40219.1
Project("{FAE04EC0-301F-11D3-BF4B-00C04F79EFBC}") = "PopularNetLibraries", "PopularNetLibraries\PopularNetLibraries.csproj", "{A8C0F0B4-FC32-4CB5-ACB3-DDDE6D28431D}"
EndProject
Global
	GlobalSection(SolutionConfigurationPlatforms) = preSolution
		Debug|Any CPU = Debug|Any CPU
		Release|Any CPU = Release|Any CPU
	EndGlobalSection
	GlobalSection(ProjectConfigurationPlatforms) = postSolution
		{A8C0F0B4-FC32-4CB5-ACB3-DDDE6D28431D}.Debug|Any CPU.ActiveCfg = Debug|Any CPU
		{A8C0F0B4-FC32-4CB5-ACB3-DDDE6D28431D}.Debug|Any CPU.Build.0 = Debug|Any CPU
		{A8C0F0B4-FC32-4CB5-ACB3-DDDE6D28431D}.Release|Any CPU.ActiveCfg = Release|Any CPU
		{A8C0F0B4-FC32-4CB5-ACB3-DDDE6D28431D}.Release|Any CPU.Build.0 = Release|Any CPU
	EndGlobalSection
	GlobalSection(SolutionProperties) = preSolution
		HideSolutionNode = FALSE
	EndGlobalSection
	GlobalSection(ExtensibilityGlobals) = postSolution
		SolutionGuid = {F2DEB328-DB53-4AA0-BF1B-684E6ED897B8}
	EndGlobalSection
EndGlobal
